
Microsoft Visual Studio Solution File, Format Version 12.00
# Visual Studio Version 16
VisualStudioVersion = 16.0.30114.105
MinimumVisualStudioVersion = 10.0.40219.1
Project("{FAE04EC0-301F-11D3-BF4B-00C04F79EFBC}") = "WebAPIClient", "WebAPIClient\WebAPIClient.csproj", "{BBA97DD4-F92F-4415-93FA-568A64899F54}"
EndProject
Global
	GlobalSection(SolutionConfigurationPlatforms) = preSolution
		Debug|Any CPU = Debug|Any CPU
		Release|Any CPU = Release|Any CPU
	EndGlobalSection
	GlobalSection(ProjectConfigurationPlatforms) = postSolution
		{BBA97DD4-F92F-4415-93FA-568A64899F54}.Debug|Any CPU.ActiveCfg = Debug|Any CPU
		{BBA97DD4-F92F-4415-93FA-568A64899F54}.Debug|Any CPU.Build.0 = Debug|Any CPU
		{BBA97DD4-F92F-4415-93FA-568A64899F54}.Release|Any CPU.ActiveCfg = Release|Any CPU
		{BBA97DD4-F92F-4415-93FA-568A64899F54}.Release|Any CPU.Build.0 = Release|Any CPU
	EndGlobalSection
	GlobalSection(SolutionProperties) = preSolution
		HideSolutionNode = FALSE
	EndGlobalSection
	GlobalSection(ExtensibilityGlobals) = postSolution
		SolutionGuid = {A38CAA69-9584-4D86-AC59-6889D7CECED7}
	EndGlobalSection
EndGlobal
